
Microsoft Visual Studio Solution File, Format Version 12.00
# Visual Studio 15
Project("{FAE04EC0-301F-11D3-BF4B-00C04F79EFBC}") = "Assembly-CSharp", "Assembly-CSharp.csproj", "{940E3DB5-7CD4-6871-C64D-B8D488087F7D}"
EndProject
Project("{FAE04EC0-301F-11D3-BF4B-00C04F79EFBC}") = "Assembly-CSharp-firstpass", "Assembly-CSharp-firstpass.csproj", "{13F1072C-B3FB-E95E-9CE8-0951DE09CD4B}"
EndProject
Project("{FAE04EC0-301F-11D3-BF4B-00C04F79EFBC}") = "Assembly-CSharp-Editor", "Assembly-CSharp-Editor.csproj", "{BEB9E66C-3698-4C33-8251-5308F9255ED7}"
EndProject
Global
	GlobalSection(SolutionConfigurationPlatforms) = preSolution
		Debug|Any CPU = Debug|Any CPU
		Release|Any CPU = Release|Any CPU
	EndGlobalSection
	GlobalSection(ProjectConfigurationPlatforms) = postSolution
		{940E3DB5-7CD4-6871-C64D-B8D488087F7D}.Debug|Any CPU.ActiveCfg = Debug|Any CPU
		{940E3DB5-7CD4-6871-C64D-B8D488087F7D}.Debug|Any CPU.Build.0 = Debug|Any CPU
		{940E3DB5-7CD4-6871-C64D-B8D488087F7D}.Release|Any CPU.ActiveCfg = Release|Any CPU
		{940E3DB5-7CD4-6871-C64D-B8D488087F7D}.Release|Any CPU.Build.0 = Release|Any CPU
		{13F1072C-B3FB-E95E-9CE8-0951DE09CD4B}.Debug|Any CPU.ActiveCfg = Debug|Any CPU
		{13F1072C-B3FB-E95E-9CE8-0951DE09CD4B}.Debug|Any CPU.Build.0 = Debug|Any CPU
		{13F1072C-B3FB-E95E-9CE8-0951DE09CD4B}.Release|Any CPU.ActiveCfg = Release|Any CPU
		{13F1072C-B3FB-E95E-9CE8-0951DE09CD4B}.Release|Any CPU.Build.0 = Release|Any CPU
		{BEB9E66C-3698-4C33-8251-5308F9255ED7}.Debug|Any CPU.ActiveCfg = Debug|Any CPU
		{BEB9E66C-3698-4C33-8251-5308F9255ED7}.Debug|Any CPU.Build.0 = Debug|Any CPU
		{BEB9E66C-3698-4C33-8251-5308F9255ED7}.Release|Any CPU.ActiveCfg = Release|Any CPU
		{BEB9E66C-3698-4C33-8251-5308F9255ED7}.Release|Any CPU.Build.0 = Release|Any CPU
	EndGlobalSection
	GlobalSection(SolutionProperties) = preSolution
		HideSolutionNode = FALSE
	EndGlobalSection
EndGlobal
